[root]
name = "monkey-rust"
version = "0.1.0"
dependencies = [
 "nom 2.2.0 (registry+https://github.com/rust-lang/crates.io-index)",
]

[[package]]
name = "nom"
version = "2.2.0"
source = "registry+https://github.com/rust-lang/crates.io-index"

[metadata]
"checksum nom 2.2.0 (registry+https://github.com/rust-lang/crates.io-index)" = "4fefff3588e844f63a54ec7b91872b8526ec06ffb760559744d032ccea4df002"
